
Microsoft Visual Studio Solution File, Format Version 11.00
# Visual Studio 2010 Express for Windows Phone
Project("{FAE04EC0-301F-11D3-BF4B-00C04F79EFBC}") = "TweetMonitor", "TweetMonitor.csproj", "{CF8ABB0B-706A-40B9-B158-CBB011C71BA7}"
EndProject
Global
	GlobalSection(SolutionConfigurationPlatforms) = preSolution
		Debug|Any CPU = Debug|Any CPU
		Release|Any CPU = Release|Any CPU
	EndGlobalSection
	GlobalSection(ProjectConfigurationPlatforms) = postSolution
		{CF8ABB0B-706A-40B9-B158-CBB011C71BA7}.Debug|Any CPU.ActiveCfg = Debug|Any CPU
		{CF8ABB0B-706A-40B9-B158-CBB011C71BA7}.Debug|Any CPU.Build.0 = Debug|Any CPU
		{CF8ABB0B-706A-40B9-B158-CBB011C71BA7}.Debug|Any CPU.Deploy.0 = Debug|Any CPU
		{CF8ABB0B-706A-40B9-B158-CBB011C71BA7}.Release|Any CPU.ActiveCfg = Release|Any CPU
		{CF8ABB0B-706A-40B9-B158-CBB011C71BA7}.Release|Any CPU.Build.0 = Release|Any CPU
		{CF8ABB0B-706A-40B9-B158-CBB011C71BA7}.Release|Any CPU.Deploy.0 = Release|Any CPU
	EndGlobalSection
	GlobalSection(SolutionProperties) = preSolution
		HideSolutionNode = FALSE
	EndGlobalSection
EndGlobal
